// !$*UTF8*$!
{
	archiveVersion = 1;
	classes = {
	};
	objectVersion = 56;
	objects = {

/* Begin PBXBuildFile section */
		0E0332042BFBE8090082E36B /* Chuck_Norris_JokesApp.swift in Sources */ = {isa = PBXBuildFile; fileRef = 0E0332032BFBE8090082E36B /* Chuck_Norris_JokesApp.swift */; };
		0E0332062BFBE8090082E36B /* ContentView.swift in Sources */ = {isa = PBXBuildFile; fileRef = 0E0332052BFBE8090082E36B /* ContentView.swift */; };
		0E0332082BFBE80B0082E36B /* Assets.xcassets in Resources */ = {isa = PBXBuildFile; fileRef = 0E0332072BFBE80B0082E36B /* Assets.xcassets */; };
		0E03320B2BFBE80B0082E36B /* Preview Assets.xcassets in Resources */ = {isa = PBXBuildFile; fileRef = 0E03320A2BFBE80B0082E36B /* Preview Assets.xcassets */; };
		0E0332152BFBE80C0082E36B /* Chuck_Norris_JokesTests.swift in Sources */ = {isa = PBXBuildFile; fileRef = 0E0332142BFBE80C0082E36B /* Chuck_Norris_JokesTests.swift */; };
		0E03321F2BFBE80C0082E36B /* Chuck_Norris_JokesUITests.swift in Sources */ = {isa = PBXBuildFile; fileRef = 0E03321E2BFBE80C0082E36B /* Chuck_Norris_JokesUITests.swift */; };
		0E0332212BFBE80C0082E36B /* Chuck_Norris_JokesUITestsLaunchTests.swift in Sources */ = {isa = PBXBuildFile; fileRef = 0E0332202BFBE80C0082E36B /* Chuck_Norris_JokesUITestsLaunchTests.swift */; };
		0E03322E2BFBE8790082E36B /* JokesModel.swift in Sources */ = {isa = PBXBuildFile; fileRef = 0E03322D2BFBE8790082E36B /* JokesModel.swift */; };
		0E0332302BFBE9D50082E36B /* NetworkManager.swift in Sources */ = {isa = PBXBuildFile; fileRef = 0E03322F2BFBE9D50082E36B /* NetworkManager.swift */; };
		0E0332322BFBF0130082E36B /* HomePage.swift in Sources */ = {isa = PBXBuildFile; fileRef = 0E0332312BFBF0130082E36B /* HomePage.swift */; };
		0E0332342BFBF1C30082E36B /* HomePageViewModel.swift in Sources */ = {isa = PBXBuildFile; fileRef = 0E0332332BFBF1C30082E36B /* HomePageViewModel.swift */; };
		0E0332362BFBFF970082E36B /* UserDefaultsManager.swift in Sources */ = {isa = PBXBuildFile; fileRef = 0E0332352BFBFF970082E36B /* UserDefaultsManager.swift */; };
		0E03323F2BFD084F0082E36B /* FavouritesPage.swift in Sources */ = {isa = PBXBuildFile; fileRef = 0E03323E2BFD084F0082E36B /* FavouritesPage.swift */; };
		0E0332412BFD08840082E36B /* FavouritePageRow.swift in Sources */ = {isa = PBXBuildFile; fileRef = 0E0332402BFD08840082E36B /* FavouritePageRow.swift */; };
		0E0332432BFD0C2B0082E36B /* FavouritesPageViewModel.swift in Sources */ = {isa = PBXBuildFile; fileRef = 0E0332422BFD0C2B0082E36B /* FavouritesPageViewModel.swift */; };
		0E0332452BFD0E940082E36B /* TabBarView.swift in Sources */ = {isa = PBXBuildFile; fileRef = 0E0332442BFD0E940082E36B /* TabBarView.swift */; };
		0E0332472BFD1AA60082E36B /* FavouriteDetalPageView.swift in Sources */ = {isa = PBXBuildFile; fileRef = 0E0332462BFD1AA60082E36B /* FavouriteDetalPageView.swift */; };
		0E845B862C52A91F006C1A71 /* CategoriesScrollView.swift in Sources */ = {isa = PBXBuildFile; fileRef = 0E845B852C52A91F006C1A71 /* CategoriesScrollView.swift */; };
		0E845B882C52AD9B006C1A71 /* CategoriesViewModel.swift in Sources */ = {isa = PBXBuildFile; fileRef = 0E845B872C52AD9B006C1A71 /* CategoriesViewModel.swift */; };
		0E845B8E2C52C544006C1A71 /* TextFieldView.swift in Sources */ = {isa = PBXBuildFile; fileRef = 0E845B8D2C52C544006C1A71 /* TextFieldView.swift */; };
		0E845B902C52C736006C1A71 /* SearchView.swift in Sources */ = {isa = PBXBuildFile; fileRef = 0E845B8F2C52C736006C1A71 /* SearchView.swift */; };
		0E845B922C52C7DD006C1A71 /* SearchViewModel.swift in Sources */ = {isa = PBXBuildFile; fileRef = 0E845B912C52C7DD006C1A71 /* SearchViewModel.swift */; };
		0E845B942C52C85A006C1A71 /* SearchJokeModel.swift in Sources */ = {isa = PBXBuildFile; fileRef = 0E845B932C52C85A006C1A71 /* SearchJokeModel.swift */; };
		0E845B962C52D083006C1A71 /* AlertView.swift in Sources */ = {isa = PBXBuildFile; fileRef = 0E845B952C52D083006C1A71 /* AlertView.swift */; };
		0EB537C92C5D1D78006CAC92 /* AppButtonView.swift in Sources */ = {isa = PBXBuildFile; fileRef = 0EB537C82C5D1D78006CAC92 /* AppButtonView.swift */; };
		0EB537CC2C5D1F2F006CAC92 /* Constants.swift in Sources */ = {isa = PBXBuildFile; fileRef = 0EB537CB2C5D1F2F006CAC92 /* Constants.swift */; };
		0EB537CE2C5D2069006CAC92 /* SearchButtonView.swift in Sources */ = {isa = PBXBuildFile; fileRef = 0EB537CD2C5D2069006CAC92 /* SearchButtonView.swift */; };
		0EB537D42C615591006CAC92 /* NoFavPresentView.swift in Sources */ = {isa = PBXBuildFile; fileRef = 0EB537D32C615590006CAC92 /* NoFavPresentView.swift */; };
		0ED9AD802C0A2A27006DBA2E /* FavouritesDetailPageViewModel.swift in Sources */ = {isa = PBXBuildFile; fileRef = 0ED9AD7F2C0A2A27006DBA2E /* FavouritesDetailPageViewModel.swift */; };
/* End PBXBuildFile section */

/* Begin PBXContainerItemProxy section */
		0E0332112BFBE80C0082E36B /* PBXContainerItemProxy */ = {
			isa = PBXContainerItemProxy;
			containerPortal = 0E0331F82BFBE8090082E36B /* Project object */;
			proxyType = 1;
			remoteGlobalIDString = 0E0331FF2BFBE8090082E36B;
			remoteInfo = "Chuck Norris Jokes";
		};
		0E03321B2BFBE80C0082E36B /* PBXContainerItemProxy */ = {
			isa = PBXContainerItemProxy;
			containerPortal = 0E0331F82BFBE8090082E36B /* Project object */;
			proxyType = 1;
			remoteGlobalIDString = 0E0331FF2BFBE8090082E36B;
			remoteInfo = "Chuck Norris Jokes";
		};
/* End PBXContainerItemProxy section */

/* Begin PBXFileReference section */
		0E0332002BFBE8090082E36B /* Chuck Norris Jokes.app */ = {isa = PBXFileReference; explicitFileType = wrapper.application; includeInIndex = 0; path = "Chuck Norris Jokes.app"; sourceTree = BUILT_PRODUCTS_DIR; };
		0E0332032BFBE8090082E36B /* Chuck_Norris_JokesApp.swift */ = {isa = PBXFileReference; lastKnownFileType = sourcecode.swift; path = Chuck_Norris_JokesApp.swift; sourceTree = "<group>"; };
		0E0332052BFBE8090082E36B /* ContentView.swift */ = {isa = PBXFileReference; lastKnownFileType = sourcecode.swift; path = ContentView.swift; sourceTree = "<group>"; };
		0E0332072BFBE80B0082E36B /* Assets.xcassets */ = {isa = PBXFileReference; lastKnownFileType = folder.assetcatalog; path = Assets.xcassets; sourceTree = "<group>"; };
		0E03320A2BFBE80B0082E36B /* Preview Assets.xcassets */ = {isa = PBXFileReference; lastKnownFileType = folder.assetcatalog; path = "Preview Assets.xcassets"; sourceTree = "<group>"; };
		0E0332102BFBE80C0082E36B /* Chuck Norris JokesTests.xctest */ = {isa = PBXFileReference; explicitFileType = wrapper.cfbundle; includeInIndex = 0; path = "Chuck Norris JokesTests.xctest"; sourceTree = BUILT_PRODUCTS_DIR; };
		0E0332142BFBE80C0082E36B /* Chuck_Norris_JokesTests.swift */ = {isa = PBXFileReference; lastKnownFileType = sourcecode.swift; path = Chuck_Norris_JokesTests.swift; sourceTree = "<group>"; };
		0E03321A2BFBE80C0082E36B /* Chuck Norris JokesUITests.xctest */ = {isa = PBXFileReference; explicitFileType = wrapper.cfbundle; includeInIndex = 0; path = "Chuck Norris JokesUITests.xctest"; sourceTree = BUILT_PRODUCTS_DIR; };
		0E03321E2BFBE80C0082E36B /* Chuck_Norris_JokesUITests.swift */ = {isa = PBXFileReference; lastKnownFileType = sourcecode.swift; path = Chuck_Norris_JokesUITests.swift; sourceTree = "<group>"; };
		0E0332202BFBE80C0082E36B /* Chuck_Norris_JokesUITestsLaunchTests.swift */ = {isa = PBXFileReference; lastKnownFileType = sourcecode.swift; path = Chuck_Norris_JokesUITestsLaunchTests.swift; sourceTree = "<group>"; };
		0E03322D2BFBE8790082E36B /* JokesModel.swift */ = {isa = PBXFileReference; lastKnownFileType = sourcecode.swift; path = JokesModel.swift; sourceTree = "<group>"; };
		0E03322F2BFBE9D50082E36B /* NetworkManager.swift */ = {isa = PBXFileReference; lastKnownFileType = sourcecode.swift; path = NetworkManager.swift; sourceTree = "<group>"; };
		0E0332312BFBF0130082E36B /* HomePage.swift */ = {isa = PBXFileReference; lastKnownFileType = sourcecode.swift; path = HomePage.swift; sourceTree = "<group>"; };
		0E0332332BFBF1C30082E36B /* HomePageViewModel.swift */ = {isa = PBXFileReference; lastKnownFileType = sourcecode.swift; path = HomePageViewModel.swift; sourceTree = "<group>"; };
		0E0332352BFBFF970082E36B /* UserDefaultsManager.swift */ = {isa = PBXFileReference; lastKnownFileType = sourcecode.swift; path = UserDefaultsManager.swift; sourceTree = "<group>"; };
		0E03323E2BFD084F0082E36B /* FavouritesPage.swift */ = {isa = PBXFileReference; lastKnownFileType = sourcecode.swift; path = FavouritesPage.swift; sourceTree = "<group>"; };
		0E0332402BFD08840082E36B /* FavouritePageRow.swift */ = {isa = PBXFileReference; lastKnownFileType = sourcecode.swift; path = FavouritePageRow.swift; sourceTree = "<group>"; };
		0E0332422BFD0C2B0082E36B /* FavouritesPageViewModel.swift */ = {isa = PBXFileReference; lastKnownFileType = sourcecode.swift; path = FavouritesPageViewModel.swift; sourceTree = "<group>"; };
		0E0332442BFD0E940082E36B /* TabBarView.swift */ = {isa = PBXFileReference; lastKnownFileType = sourcecode.swift; path = TabBarView.swift; sourceTree = "<group>"; };
		0E0332462BFD1AA60082E36B /* FavouriteDetalPageView.swift */ = {isa = PBXFileReference; lastKnownFileType = sourcecode.swift; path = FavouriteDetalPageView.swift; sourceTree = "<group>"; };
		0E845B852C52A91F006C1A71 /* CategoriesScrollView.swift */ = {isa = PBXFileReference; lastKnownFileType = sourcecode.swift; path = CategoriesScrollView.swift; sourceTree = "<group>"; };
		0E845B872C52AD9B006C1A71 /* CategoriesViewModel.swift */ = {isa = PBXFileReference; lastKnownFileType = sourcecode.swift; path = CategoriesViewModel.swift; sourceTree = "<group>"; };
		0E845B8D2C52C544006C1A71 /* TextFieldView.swift */ = {isa = PBXFileReference; lastKnownFileType = sourcecode.swift; path = TextFieldView.swift; sourceTree = "<group>"; };
		0E845B8F2C52C736006C1A71 /* SearchView.swift */ = {isa = PBXFileReference; lastKnownFileType = sourcecode.swift; path = SearchView.swift; sourceTree = "<group>"; };
		0E845B912C52C7DD006C1A71 /* SearchViewModel.swift */ = {isa = PBXFileReference; lastKnownFileType = sourcecode.swift; path = SearchViewModel.swift; sourceTree = "<group>"; };
		0E845B932C52C85A006C1A71 /* SearchJokeModel.swift */ = {isa = PBXFileReference; lastKnownFileType = sourcecode.swift; path = SearchJokeModel.swift; sourceTree = "<group>"; };
		0E845B952C52D083006C1A71 /* AlertView.swift */ = {isa = PBXFileReference; lastKnownFileType = sourcecode.swift; path = AlertView.swift; sourceTree = "<group>"; };
		0EB537C82C5D1D78006CAC92 /* AppButtonView.swift */ = {isa = PBXFileReference; lastKnownFileType = sourcecode.swift; path = AppButtonView.swift; sourceTree = "<group>"; };
		0EB537CB2C5D1F2F006CAC92 /* Constants.swift */ = {isa = PBXFileReference; lastKnownFileType = sourcecode.swift; path = Constants.swift; sourceTree = "<group>"; };
		0EB537CD2C5D2069006CAC92 /* SearchButtonView.swift */ = {isa = PBXFileReference; lastKnownFileType = sourcecode.swift; path = SearchButtonView.swift; sourceTree = "<group>"; };
		0EB537D32C615590006CAC92 /* NoFavPresentView.swift */ = {isa = PBXFileReference; lastKnownFileType = sourcecode.swift; path = NoFavPresentView.swift; sourceTree = "<group>"; };
		0ED9AD7F2C0A2A27006DBA2E /* FavouritesDetailPageViewModel.swift */ = {isa = PBXFileReference; lastKnownFileType = sourcecode.swift; path = FavouritesDetailPageViewModel.swift; sourceTree = "<group>"; };
/* End PBXFileReference section */

/* Begin PBXFrameworksBuildPhase section */
		0E0331FD2BFBE8090082E36B /* Frameworks */ = {
			isa = PBXFrameworksBuildPhase;
			buildActionMask = 2147483647;
			files = (
			);
			runOnlyForDeploymentPostprocessing = 0;
		};
		0E03320D2BFBE80C0082E36B /* Frameworks */ = {
			isa = PBXFrameworksBuildPhase;
			buildActionMask = 2147483647;
			files = (
			);
			runOnlyForDeploymentPostprocessing = 0;
		};
		0E0332172BFBE80C0082E36B /* Frameworks */ = {
			isa = PBXFrameworksBuildPhase;
			buildActionMask = 2147483647;
			files = (
			);
			runOnlyForDeploymentPostprocessing = 0;
		};
/* End PBXFrameworksBuildPhase section */

/* Begin PBXGroup section */
		0E0331F72BFBE8090082E36B = {
			isa = PBXGroup;
			children = (
				0E0332022BFBE8090082E36B /* Chuck Norris Jokes */,
				0E0332132BFBE80C0082E36B /* Chuck Norris JokesTests */,
				0E03321D2BFBE80C0082E36B /* Chuck Norris JokesUITests */,
				0E0332012BFBE8090082E36B /* Products */,
			);
			sourceTree = "<group>";
		};
		0E0332012BFBE8090082E36B /* Products */ = {
			isa = PBXGroup;
			children = (
				0E0332002BFBE8090082E36B /* Chuck Norris Jokes.app */,
				0E0332102BFBE80C0082E36B /* Chuck Norris JokesTests.xctest */,
				0E03321A2BFBE80C0082E36B /* Chuck Norris JokesUITests.xctest */,
			);
			name = Products;
			sourceTree = "<group>";
		};
		0E0332022BFBE8090082E36B /* Chuck Norris Jokes */ = {
			isa = PBXGroup;
			children = (
				0EB537CA2C5D1F20006CAC92 /* AppConstants */,
				0EB537C72C5D1D5F006CAC92 /* ComponentViews */,
				0E0332392BFCD0480082E36B /* Models */,
				0E03323B2BFCD08B0082E36B /* Views */,
				0E03323A2BFCD0830082E36B /* ViewModels */,
				0E0332372BFCD0320082E36B /* Managers */,
				0E0332072BFBE80B0082E36B /* Assets.xcassets */,
				0E0332032BFBE8090082E36B /* Chuck_Norris_JokesApp.swift */,
				0E0332092BFBE80B0082E36B /* Preview Content */,
			);
			path = "Chuck Norris Jokes";
			sourceTree = "<group>";
		};
		0E0332092BFBE80B0082E36B /* Preview Content */ = {
			isa = PBXGroup;
			children = (
				0E03320A2BFBE80B0082E36B /* Preview Assets.xcassets */,
			);
			path = "Preview Content";
			sourceTree = "<group>";
		};
		0E0332132BFBE80C0082E36B /* Chuck Norris JokesTests */ = {
			isa = PBXGroup;
			children = (
				0E0332142BFBE80C0082E36B /* Chuck_Norris_JokesTests.swift */,
			);
			path = "Chuck Norris JokesTests";
			sourceTree = "<group>";
		};
		0E03321D2BFBE80C0082E36B /* Chuck Norris JokesUITests */ = {
			isa = PBXGroup;
			children = (
				0E03321E2BFBE80C0082E36B /* Chuck_Norris_JokesUITests.swift */,
				0E0332202BFBE80C0082E36B /* Chuck_Norris_JokesUITestsLaunchTests.swift */,
			);
			path = "Chuck Norris JokesUITests";
			sourceTree = "<group>";
		};
		0E0332372BFCD0320082E36B /* Managers */ = {
			isa = PBXGroup;
			children = (
				0E0332352BFBFF970082E36B /* UserDefaultsManager.swift */,
				0E03322F2BFBE9D50082E36B /* NetworkManager.swift */,
			);
			path = Managers;
			sourceTree = "<group>";
		};
		0E0332392BFCD0480082E36B /* Models */ = {
			isa = PBXGroup;
			children = (
				0E03322D2BFBE8790082E36B /* JokesModel.swift */,
				0E845B932C52C85A006C1A71 /* SearchJokeModel.swift */,
			);
			path = Models;
			sourceTree = "<group>";
		};
		0E03323A2BFCD0830082E36B /* ViewModels */ = {
			isa = PBXGroup;
			children = (
				0E0332332BFBF1C30082E36B /* HomePageViewModel.swift */,
				0E845B872C52AD9B006C1A71 /* CategoriesViewModel.swift */,
				0E0332422BFD0C2B0082E36B /* FavouritesPageViewModel.swift */,
				0ED9AD7F2C0A2A27006DBA2E /* FavouritesDetailPageViewModel.swift */,
				0E845B912C52C7DD006C1A71 /* SearchViewModel.swift */,
			);
			path = ViewModels;
			sourceTree = "<group>";
		};
		0E03323B2BFCD08B0082E36B /* Views */ = {
			isa = PBXGroup;
			children = (
				0EB537CF2C6154E6006CAC92 /* Home Page */,
				0EB537D22C615532006CAC92 /* Content View */,
				0EB537D02C6154FD006CAC92 /* Favourites Page */,
				0EB537D12C615513006CAC92 /* Search Page */,
			);
			path = Views;
			sourceTree = "<group>";
		};
		0EB537C72C5D1D5F006CAC92 /* ComponentViews */ = {
			isa = PBXGroup;
			children = (
				0EB537C82C5D1D78006CAC92 /* AppButtonView.swift */,
				0E845B952C52D083006C1A71 /* AlertView.swift */,
				0E845B8D2C52C544006C1A71 /* TextFieldView.swift */,
				0EB537CD2C5D2069006CAC92 /* SearchButtonView.swift */,
				0E0332442BFD0E940082E36B /* TabBarView.swift */,
			);
			path = ComponentViews;
			sourceTree = "<group>";
		};
		0EB537CA2C5D1F20006CAC92 /* AppConstants */ = {
			isa = PBXGroup;
			children = (
				0EB537CB2C5D1F2F006CAC92 /* Constants.swift */,
			);
			path = AppConstants;
			sourceTree = "<group>";
		};
		0EB537CF2C6154E6006CAC92 /* Home Page */ = {
			isa = PBXGroup;
			children = (
				0E0332312BFBF0130082E36B /* HomePage.swift */,
				0E845B852C52A91F006C1A71 /* CategoriesScrollView.swift */,
			);
			path = "Home Page";
			sourceTree = "<group>";
		};
		0EB537D02C6154FD006CAC92 /* Favourites Page */ = {
			isa = PBXGroup;
			children = (
				0E03323E2BFD084F0082E36B /* FavouritesPage.swift */,
				0E0332402BFD08840082E36B /* FavouritePageRow.swift */,
				0E0332462BFD1AA60082E36B /* FavouriteDetalPageView.swift */,
				0EB537D32C615590006CAC92 /* NoFavPresentView.swift */,
			);
			path = "Favourites Page";
			sourceTree = "<group>";
		};
		0EB537D12C615513006CAC92 /* Search Page */ = {
			isa = PBXGroup;
			children = (
				0E845B8F2C52C736006C1A71 /* SearchView.swift */,
			);
			path = "Search Page";
			sourceTree = "<group>";
		};
		0EB537D22C615532006CAC92 /* Content View */ = {
			isa = PBXGroup;
			children = (
				0E0332052BFBE8090082E36B /* ContentView.swift */,
			);
			path = "Content View";
			sourceTree = "<group>";
		};
/* End PBXGroup section */

/* Begin PBXNativeTarget section */
		0E0331FF2BFBE8090082E36B /* Chuck Norris Jokes */ = {
			isa = PBXNativeTarget;
			buildConfigurationList = 0E0332242BFBE80C0082E36B /* Build configuration list for PBXNativeTarget "Chuck Norris Jokes" */;
			buildPhases = (
				0E0331FC2BFBE8090082E36B /* Sources */,
				0E0331FD2BFBE8090082E36B /* Frameworks */,
				0E0331FE2BFBE8090082E36B /* Resources */,
			);
			buildRules = (
			);
			dependencies = (
			);
			name = "Chuck Norris Jokes";
			productName = "Chuck Norris Jokes";
			productReference = 0E0332002BFBE8090082E36B /* Chuck Norris Jokes.app */;
			productType = "com.apple.product-type.application";
		};
		0E03320F2BFBE80C0082E36B /* Chuck Norris JokesTests */ = {
			isa = PBXNativeTarget;
			buildConfigurationList = 0E0332272BFBE80C0082E36B /* Build configuration list for PBXNativeTarget "Chuck Norris JokesTests" */;
			buildPhases = (
				0E03320C2BFBE80C0082E36B /* Sources */,
				0E03320D2BFBE80C0082E36B /* Frameworks */,
				0E03320E2BFBE80C0082E36B /* Resources */,
			);
			buildRules = (
			);
			dependencies = (
				0E0332122BFBE80C0082E36B /* PBXTargetDependency */,
			);
			name = "Chuck Norris JokesTests";
			productName = "Chuck Norris JokesTests";
			productReference = 0E0332102BFBE80C0082E36B /* Chuck Norris JokesTests.xctest */;
			productType = "com.apple.product-type.bundle.unit-test";
		};
		0E0332192BFBE80C0082E36B /* Chuck Norris JokesUITests */ = {
			isa = PBXNativeTarget;
			buildConfigurationList = 0E03322A2BFBE80C0082E36B /* Build configuration list for PBXNativeTarget "Chuck Norris JokesUITests" */;
			buildPhases = (
				0E0332162BFBE80C0082E36B /* Sources */,
				0E0332172BFBE80C0082E36B /* Frameworks */,
				0E0332182BFBE80C0082E36B /* Resources */,
			);
			buildRules = (
			);
			dependencies = (
				0E03321C2BFBE80C0082E36B /* PBXTargetDependency */,
			);
			name = "Chuck Norris JokesUITests";
			productName = "Chuck Norris JokesUITests";
			productReference = 0E03321A2BFBE80C0082E36B /* Chuck Norris JokesUITests.xctest */;
			productType = "com.apple.product-type.bundle.ui-testing";
		};
/* End PBXNativeTarget section */

/* Begin PBXProject section */
		0E0331F82BFBE8090082E36B /* Project object */ = {
			isa = PBXProject;
			attributes = {
				BuildIndependentTargetsInParallel = 1;
				LastSwiftUpdateCheck = 1500;
				LastUpgradeCheck = 1500;
				TargetAttributes = {
					0E0331FF2BFBE8090082E36B = {
						CreatedOnToolsVersion = 15.0.1;
					};
					0E03320F2BFBE80C0082E36B = {
						CreatedOnToolsVersion = 15.0.1;
						TestTargetID = 0E0331FF2BFBE8090082E36B;
					};
					0E0332192BFBE80C0082E36B = {
						CreatedOnToolsVersion = 15.0.1;
						TestTargetID = 0E0331FF2BFBE8090082E36B;
					};
				};
			};
			buildConfigurationList = 0E0331FB2BFBE8090082E36B /* Build configuration list for PBXProject "Chuck Norris Jokes" */;
			compatibilityVersion = "Xcode 14.0";
			developmentRegion = en;
			hasScannedForEncodings = 0;
			knownRegions = (
				en,
				Base,
			);
			mainGroup = 0E0331F72BFBE8090082E36B;
			productRefGroup = 0E0332012BFBE8090082E36B /* Products */;
			projectDirPath = "";
			projectRoot = "";
			targets = (
				0E0331FF2BFBE8090082E36B /* Chuck Norris Jokes */,
				0E03320F2BFBE80C0082E36B /* Chuck Norris JokesTests */,
				0E0332192BFBE80C0082E36B /* Chuck Norris JokesUITests */,
			);
		};
/* End PBXProject section */

/* Begin PBXResourcesBuildPhase section */
		0E0331FE2BFBE8090082E36B /* Resources */ = {
			isa = PBXResourcesBuildPhase;
			buildActionMask = 2147483647;
			files = (
				0E03320B2BFBE80B0082E36B /* Preview Assets.xcassets in Resources */,
				0E0332082BFBE80B0082E36B /* Assets.xcassets in Resources */,
			);
			runOnlyForDeploymentPostprocessing = 0;
		};
		0E03320E2BFBE80C0082E36B /* Resources */ = {
			isa = PBXResourcesBuildPhase;
			buildActionMask = 2147483647;
			files = (
			);
			runOnlyForDeploymentPostprocessing = 0;
		};
		0E0332182BFBE80C0082E36B /* Resources */ = {
			isa = PBXResourcesBuildPhase;
			buildActionMask = 2147483647;
			files = (
			);
			runOnlyForDeploymentPostprocessing = 0;
		};
/* End PBXResourcesBuildPhase section */

/* Begin PBXSourcesBuildPhase section */
		0E0331FC2BFBE8090082E36B /* Sources */ = {
			isa = PBXSourcesBuildPhase;
			buildActionMask = 2147483647;
			files = (
				0EB537C92C5D1D78006CAC92 /* AppButtonView.swift in Sources */,
				0E845B902C52C736006C1A71 /* SearchView.swift in Sources */,
				0E845B8E2C52C544006C1A71 /* TextFieldView.swift in Sources */,
				0E845B962C52D083006C1A71 /* AlertView.swift in Sources */,
				0ED9AD802C0A2A27006DBA2E /* FavouritesDetailPageViewModel.swift in Sources */,
				0E845B942C52C85A006C1A71 /* SearchJokeModel.swift in Sources */,
				0EB537CE2C5D2069006CAC92 /* SearchButtonView.swift in Sources */,
				0E0332322BFBF0130082E36B /* HomePage.swift in Sources */,
				0E0332452BFD0E940082E36B /* TabBarView.swift in Sources */,
				0E845B922C52C7DD006C1A71 /* SearchViewModel.swift in Sources */,
				0E0332472BFD1AA60082E36B /* FavouriteDetalPageView.swift in Sources */,
				0E845B862C52A91F006C1A71 /* CategoriesScrollView.swift in Sources */,
				0E845B882C52AD9B006C1A71 /* CategoriesViewModel.swift in Sources */,
				0E0332412BFD08840082E36B /* FavouritePageRow.swift in Sources */,
				0E0332302BFBE9D50082E36B /* NetworkManager.swift in Sources */,
				0E0332432BFD0C2B0082E36B /* FavouritesPageViewModel.swift in Sources */,
				0E0332342BFBF1C30082E36B /* HomePageViewModel.swift in Sources */,
				0E0332362BFBFF970082E36B /* UserDefaultsManager.swift in Sources */,
				0E03323F2BFD084F0082E36B /* FavouritesPage.swift in Sources */,
				0E03322E2BFBE8790082E36B /* JokesModel.swift in Sources */,
				0E0332062BFBE8090082E36B /* ContentView.swift in Sources */,
				0E0332042BFBE8090082E36B /* Chuck_Norris_JokesApp.swift in Sources */,
				0EB537CC2C5D1F2F006CAC92 /* Constants.swift in Sources */,
				0EB537D42C615591006CAC92 /* NoFavPresentView.swift in Sources */,
			);
			runOnlyForDeploymentPostprocessing = 0;
		};
		0E03320C2BFBE80C0082E36B /* Sources */ = {
			isa = PBXSourcesBuildPhase;
			buildActionMask = 2147483647;
			files = (
				0E0332152BFBE80C0082E36B /* Chuck_Norris_JokesTests.swift in Sources */,
			);
			runOnlyForDeploymentPostprocessing = 0;
		};
		0E0332162BFBE80C0082E36B /* Sources */ = {
			isa = PBXSourcesBuildPhase;
			buildActionMask = 2147483647;
			files = (
				0E03321F2BFBE80C0082E36B /* Chuck_Norris_JokesUITests.swift in Sources */,
				0E0332212BFBE80C0082E36B /* Chuck_Norris_JokesUITestsLaunchTests.swift in Sources */,
			);
			runOnlyForDeploymentPostprocessing = 0;
		};
/* End PBXSourcesBuildPhase section */

/* Begin PBXTargetDependency section */
		0E0332122BFBE80C0082E36B /* PBXTargetDependency */ = {
			isa = PBXTargetDependency;
			target = 0E0331FF2BFBE8090082E36B /* Chuck Norris Jokes */;
			targetProxy = 0E0332112BFBE80C0082E36B /* PBXContainerItemProxy */;
		};
		0E03321C2BFBE80C0082E36B /* PBXTargetDependency */ = {
			isa = PBXTargetDependency;
			target = 0E0331FF2BFBE8090082E36B /* Chuck Norris Jokes */;
			targetProxy = 0E03321B2BFBE80C0082E36B /* PBXContainerItemProxy */;
		};
/* End PBXTargetDependency section */

/* Begin XCBuildConfiguration section */
		0E0332222BFBE80C0082E36B /* Debug */ = {
			isa = XCBuildConfiguration;
			buildSettings = {
				ALWAYS_SEARCH_USER_PATHS = NO;
				ASSETCATALOG_COMPILER_GENERATE_SWIFT_ASSET_SYMBOL_EXTENSIONS = YES;
				CLANG_ANALYZER_NONNULL = YES;
				CLANG_ANALYZER_NUMBER_OBJECT_CONVERSION = YES_AGGRESSIVE;
				CLANG_CXX_LANGUAGE_STANDARD = "gnu++20";
				CLANG_ENABLE_MODULES = YES;
				CLANG_ENABLE_OBJC_ARC = YES;
				CLANG_ENABLE_OBJC_WEAK = YES;
				CLANG_WARN_BLOCK_CAPTURE_AUTORELEASING = YES;
				CLANG_WARN_BOOL_CONVERSION = YES;
				CLANG_WARN_COMMA = YES;
				CLANG_WARN_CONSTANT_CONVERSION = YES;
				CLANG_WARN_DEPRECATED_OBJC_IMPLEMENTATIONS = YES;
				CLANG_WARN_DIRECT_OBJC_ISA_USAGE = YES_ERROR;
				CLANG_WARN_DOCUMENTATION_COMMENTS = YES;
				CLANG_WARN_EMPTY_BODY = YES;
				CLANG_WARN_ENUM_CONVERSION = YES;
				CLANG_WARN_INFINITE_RECURSION = YES;
				CLANG_WARN_INT_CONVERSION = YES;
				CLANG_WARN_NON_LITERAL_NULL_CONVERSION = YES;
				CLANG_WARN_OBJC_IMPLICIT_RETAIN_SELF = YES;
				CLANG_WARN_OBJC_LITERAL_CONVERSION = YES;
				CLANG_WARN_OBJC_ROOT_CLASS = YES_ERROR;
				CLANG_WARN_QUOTED_INCLUDE_IN_FRAMEWORK_HEADER = YES;
				CLANG_WARN_RANGE_LOOP_ANALYSIS = YES;
				CLANG_WARN_STRICT_PROTOTYPES = YES;
				CLANG_WARN_SUSPICIOUS_MOVE = YES;
				CLANG_WARN_UNGUARDED_AVAILABILITY = YES_AGGRESSIVE;
				CLANG_WARN_UNREACHABLE_CODE = YES;
				CLANG_WARN__DUPLICATE_METHOD_MATCH = YES;
				COPY_PHASE_STRIP = NO;
				DEBUG_INFORMATION_FORMAT = dwarf;
				ENABLE_STRICT_OBJC_MSGSEND = YES;
				ENABLE_TESTABILITY = YES;
				ENABLE_USER_SCRIPT_SANDBOXING = YES;
				GCC_C_LANGUAGE_STANDARD = gnu17;
				GCC_DYNAMIC_NO_PIC = NO;
				GCC_NO_COMMON_BLOCKS = YES;
				GCC_OPTIMIZATION_LEVEL = 0;
				GCC_PREPROCESSOR_DEFINITIONS = (
					"DEBUG=1",
					"$(inherited)",
				);
				GCC_WARN_64_TO_32_BIT_CONVERSION = YES;
				GCC_WARN_ABOUT_RETURN_TYPE = YES_ERROR;
				GCC_WARN_UNDECLARED_SELECTOR = YES;
				GCC_WARN_UNINITIALIZED_AUTOS = YES_AGGRESSIVE;
				GCC_WARN_UNUSED_FUNCTION = YES;
				GCC_WARN_UNUSED_VARIABLE = YES;
				IPHONEOS_DEPLOYMENT_TARGET = 17.0;
				LOCALIZATION_PREFERS_STRING_CATALOGS = YES;
				MTL_ENABLE_DEBUG_INFO = INCLUDE_SOURCE;
				MTL_FAST_MATH = YES;
				ONLY_ACTIVE_ARCH = YES;
				SDKROOT = iphoneos;
				SWIFT_ACTIVE_COMPILATION_CONDITIONS = "DEBUG $(inherited)";
				SWIFT_OPTIMIZATION_LEVEL = "-Onone";
			};
			name = Debug;
		};
		0E0332232BFBE80C0082E36B /* Release */ = {
			isa = XCBuildConfiguration;
			buildSettings = {
				ALWAYS_SEARCH_USER_PATHS = NO;
				ASSETCATALOG_COMPILER_GENERATE_SWIFT_ASSET_SYMBOL_EXTENSIONS = YES;
				CLANG_ANALYZER_NONNULL = YES;
				CLANG_ANALYZER_NUMBER_OBJECT_CONVERSION = YES_AGGRESSIVE;
				CLANG_CXX_LANGUAGE_STANDARD = "gnu++20";
				CLANG_ENABLE_MODULES = YES;
				CLANG_ENABLE_OBJC_ARC = YES;
				CLANG_ENABLE_OBJC_WEAK = YES;
				CLANG_WARN_BLOCK_CAPTURE_AUTORELEASING = YES;
				CLANG_WARN_BOOL_CONVERSION = YES;
				CLANG_WARN_COMMA = YES;
				CLANG_WARN_CONSTANT_CONVERSION = YES;
				CLANG_WARN_DEPRECATED_OBJC_IMPLEMENTATIONS = YES;
				CLANG_WARN_DIRECT_OBJC_ISA_USAGE = YES_ERROR;
				CLANG_WARN_DOCUMENTATION_COMMENTS = YES;
				CLANG_WARN_EMPTY_BODY = YES;
				CLANG_WARN_ENUM_CONVERSION = YES;
				CLANG_WARN_INFINITE_RECURSION = YES;
				CLANG_WARN_INT_CONVERSION = YES;
				CLANG_WARN_NON_LITERAL_NULL_CONVERSION = YES;
				CLANG_WARN_OBJC_IMPLICIT_RETAIN_SELF = YES;
				CLANG_WARN_OBJC_LITERAL_CONVERSION = YES;
				CLANG_WARN_OBJC_ROOT_CLASS = YES_ERROR;
				CLANG_WARN_QUOTED_INCLUDE_IN_FRAMEWORK_HEADER = YES;
				CLANG_WARN_RANGE_LOOP_ANALYSIS = YES;
				CLANG_WARN_STRICT_PROTOTYPES = YES;
				CLANG_WARN_SUSPICIOUS_MOVE = YES;
				CLANG_WARN_UNGUARDED_AVAILABILITY = YES_AGGRESSIVE;
				CLANG_WARN_UNREACHABLE_CODE = YES;
				CLANG_WARN__DUPLICATE_METHOD_MATCH = YES;
				COPY_PHASE_STRIP = NO;
				DEBUG_INFORMATION_FORMAT = "dwarf-with-dsym";
				ENABLE_NS_ASSERTIONS = NO;
				ENABLE_STRICT_OBJC_MSGSEND = YES;
				ENABLE_USER_SCRIPT_SANDBOXING = YES;
				GCC_C_LANGUAGE_STANDARD = gnu17;
				GCC_NO_COMMON_BLOCKS = YES;
				GCC_WARN_64_TO_32_BIT_CONVERSION = YES;
				GCC_WARN_ABOUT_RETURN_TYPE = YES_ERROR;
				GCC_WARN_UNDECLARED_SELECTOR = YES;
				GCC_WARN_UNINITIALIZED_AUTOS = YES_AGGRESSIVE;
				GCC_WARN_UNUSED_FUNCTION = YES;
				GCC_WARN_UNUSED_VARIABLE = YES;
				IPHONEOS_DEPLOYMENT_TARGET = 17.0;
				LOCALIZATION_PREFERS_STRING_CATALOGS = YES;
				MTL_ENABLE_DEBUG_INFO = NO;
				MTL_FAST_MATH = YES;
				SDKROOT = iphoneos;
				SWIFT_COMPILATION_MODE = wholemodule;
				VALIDATE_PRODUCT = YES;
			};
			name = Release;
		};
		0E0332252BFBE80C0082E36B /* Debug */ = {
			isa = XCBuildConfiguration;
			buildSettings = {
				ASSETCATALOG_COMPILER_APPICON_NAME = AppIcon;
				ASSETCATALOG_COMPILER_GLOBAL_ACCENT_COLOR_NAME = AccentColor;
				CODE_SIGN_STYLE = Automatic;
				CURRENT_PROJECT_VERSION = 1;
				DEVELOPMENT_ASSET_PATHS = "\"Chuck Norris Jokes/Preview Content\"";
				DEVELOPMENT_TEAM = 7636TT533A;
				ENABLE_PREVIEWS = YES;
				GENERATE_INFOPLIST_FILE = YES;
				INFOPLIST_KEY_UIApplicationSceneManifest_Generation = YES;
				INFOPLIST_KEY_UIApplicationSupportsIndirectInputEvents = YES;
				INFOPLIST_KEY_UILaunchScreen_Generation = YES;
				INFOPLIST_KEY_UISupportedInterfaceOrientations_iPad = "UIInterfaceOrientationPortrait UIInterfaceOrientationPortraitUpsideDown UIInterfaceOrientationLandscapeLeft UIInterfaceOrientationLandscapeRight";
				INFOPLIST_KEY_UISupportedInterfaceOrientations_iPhone = "UIInterfaceOrientationPortrait UIInterfaceOrientationLandscapeLeft UIInterfaceOrientationLandscapeRight";
				LD_RUNPATH_SEARCH_PATHS = (
					"$(inherited)",
					"@executable_path/Frameworks",
				);
				MARKETING_VERSION = 1.0;
				PRODUCT_BUNDLE_IDENTIFIER = "com.preetambeeravelli.Chuck-Norris-Jokes";
				PRODUCT_NAME = "$(TARGET_NAME)";
				SWIFT_EMIT_LOC_STRINGS = YES;
				SWIFT_VERSION = 5.0;
				TARGETED_DEVICE_FAMILY = "1,2";
			};
			name = Debug;
		};
		0E0332262BFBE80C0082E36B /* Release */ = {
			isa = XCBuildConfiguration;
			buildSettings = {
				ASSETCATALOG_COMPILER_APPICON_NAME = AppIcon;
				ASSETCATALOG_COMPILER_GLOBAL_ACCENT_COLOR_NAME = AccentColor;
				CODE_SIGN_STYLE = Automatic;
				CURRENT_PROJECT_VERSION = 1;
				DEVELOPMENT_ASSET_PATHS = "\"Chuck Norris Jokes/Preview Content\"";
				DEVELOPMENT_TEAM = 7636TT533A;
				ENABLE_PREVIEWS = YES;
				GENERATE_INFOPLIST_FILE = YES;
				INFOPLIST_KEY_UIApplicationSceneManifest_Generation = YES;
				INFOPLIST_KEY_UIApplicationSupportsIndirectInputEvents = YES;
				INFOPLIST_KEY_UILaunchScreen_Generation = YES;
				INFOPLIST_KEY_UISupportedInterfaceOrientations_iPad = "UIInterfaceOrientationPortrait UIInterfaceOrientationPortraitUpsideDown UIInterfaceOrientationLandscapeLeft UIInterfaceOrientationLandscapeRight";
				INFOPLIST_KEY_UISupportedInterfaceOrientations_iPhone = "UIInterfaceOrientationPortrait UIInterfaceOrientationLandscapeLeft UIInterfaceOrientationLandscapeRight";
				LD_RUNPATH_SEARCH_PATHS = (
					"$(inherited)",
					"@executable_path/Frameworks",
				);
				MARKETING_VERSION = 1.0;
				PRODUCT_BUNDLE_IDENTIFIER = "com.preetambeeravelli.Chuck-Norris-Jokes";
				PRODUCT_NAME = "$(TARGET_NAME)";
				SWIFT_EMIT_LOC_STRINGS = YES;
				SWIFT_VERSION = 5.0;
				TARGETED_DEVICE_FAMILY = "1,2";
			};
			name = Release;
		};
		0E0332282BFBE80C0082E36B /* Debug */ = {
			isa = XCBuildConfiguration;
			buildSettings = {
				ALWAYS_EMBED_SWIFT_STANDARD_LIBRARIES = YES;
				BUNDLE_LOADER = "$(TEST_HOST)";
				CODE_SIGN_STYLE = Automatic;
				CURRENT_PROJECT_VERSION = 1;
				DEVELOPMENT_TEAM = 7636TT533A;
				GENERATE_INFOPLIST_FILE = YES;
				IPHONEOS_DEPLOYMENT_TARGET = 17.0;
				MARKETING_VERSION = 1.0;
				PRODUCT_BUNDLE_IDENTIFIER = "com.preetambeeravelli.Chuck-Norris-JokesTests";
				PRODUCT_NAME = "$(TARGET_NAME)";
				SWIFT_EMIT_LOC_STRINGS = NO;
				SWIFT_VERSION = 5.0;
				TARGETED_DEVICE_FAMILY = "1,2";
				TEST_HOST = "$(BUILT_PRODUCTS_DIR)/Chuck Norris Jokes.app/$(BUNDLE_EXECUTABLE_FOLDER_PATH)/Chuck Norris Jokes";
			};
			name = Debug;
		};
		0E0332292BFBE80C0082E36B /* Release */ = {
			isa = XCBuildConfiguration;
			buildSettings = {
				ALWAYS_EMBED_SWIFT_STANDARD_LIBRARIES = YES;
				BUNDLE_LOADER = "$(TEST_HOST)";
				CODE_SIGN_STYLE = Automatic;
				CURRENT_PROJECT_VERSION = 1;
				DEVELOPMENT_TEAM = 7636TT533A;
				GENERATE_INFOPLIST_FILE = YES;
				IPHONEOS_DEPLOYMENT_TARGET = 17.0;
				MARKETING_VERSION = 1.0;
				PRODUCT_BUNDLE_IDENTIFIER = "com.preetambeeravelli.Chuck-Norris-JokesTests";
				PRODUCT_NAME = "$(TARGET_NAME)";
				SWIFT_EMIT_LOC_STRINGS = NO;
				SWIFT_VERSION = 5.0;
				TARGETED_DEVICE_FAMILY = "1,2";
				TEST_HOST = "$(BUILT_PRODUCTS_DIR)/Chuck Norris Jokes.app/$(BUNDLE_EXECUTABLE_FOLDER_PATH)/Chuck Norris Jokes";
			};
			name = Release;
		};
		0E03322B2BFBE80C0082E36B /* Debug */ = {
			isa = XCBuildConfiguration;
			buildSettings = {
				ALWAYS_EMBED_SWIFT_STANDARD_LIBRARIES = YES;
				CODE_SIGN_STYLE = Automatic;
				CURRENT_PROJECT_VERSION = 1;
				DEVELOPMENT_TEAM = 7636TT533A;
				GENERATE_INFOPLIST_FILE = YES;
				MARKETING_VERSION = 1.0;
				PRODUCT_BUNDLE_IDENTIFIER = "com.preetambeeravelli.Chuck-Norris-JokesUITests";
				PRODUCT_NAME = "$(TARGET_NAME)";
				SWIFT_EMIT_LOC_STRINGS = NO;
				SWIFT_VERSION = 5.0;
				TARGETED_DEVICE_FAMILY = "1,2";
				TEST_TARGET_NAME = "Chuck Norris Jokes";
			};
			name = Debug;
		};
		0E03322C2BFBE80C0082E36B /* Release */ = {
			isa = XCBuildConfiguration;
			buildSettings = {
				ALWAYS_EMBED_SWIFT_STANDARD_LIBRARIES = YES;
				CODE_SIGN_STYLE = Automatic;
				CURRENT_PROJECT_VERSION = 1;
				DEVELOPMENT_TEAM = 7636TT533A;
				GENERATE_INFOPLIST_FILE = YES;
				MARKETING_VERSION = 1.0;
				PRODUCT_BUNDLE_IDENTIFIER = "com.preetambeeravelli.Chuck-Norris-JokesUITests";
				PRODUCT_NAME = "$(TARGET_NAME)";
				SWIFT_EMIT_LOC_STRINGS = NO;
				SWIFT_VERSION = 5.0;
				TARGETED_DEVICE_FAMILY = "1,2";
				TEST_TARGET_NAME = "Chuck Norris Jokes";
			};
			name = Release;
		};
/* End XCBuildConfiguration section */

/* Begin XCConfigurationList section */
		0E0331FB2BFBE8090082E36B /* Build configuration list for PBXProject "Chuck Norris Jokes" */ = {
			isa = XCConfigurationList;
			buildConfigurations = (
				0E0332222BFBE80C0082E36B /* Debug */,
				0E0332232BFBE80C0082E36B /* Release */,
			);
			defaultConfigurationIsVisible = 0;
			defaultConfigurationName = Release;
		};
		0E0332242BFBE80C0082E36B /* Build configuration list for PBXNativeTarget "Chuck Norris Jokes" */ = {
			isa = XCConfigurationList;
			buildConfigurations = (
				0E0332252BFBE80C0082E36B /* Debug */,
				0E0332262BFBE80C0082E36B /* Release */,
			);
			defaultConfigurationIsVisible = 0;
			defaultConfigurationName = Release;
		};
		0E0332272BFBE80C0082E36B /* Build configuration list for PBXNativeTarget "Chuck Norris JokesTests" */ = {
			isa = XCConfigurationList;
			buildConfigurations = (
				0E0332282BFBE80C0082E36B /* Debug */,
				0E0332292BFBE80C0082E36B /* Release */,
			);
			defaultConfigurationIsVisible = 0;
			defaultConfigurationName = Release;
		};
		0E03322A2BFBE80C0082E36B /* Build configuration list for PBXNativeTarget "Chuck Norris JokesUITests" */ = {
			isa = XCConfigurationList;
			buildConfigurations = (
				0E03322B2BFBE80C0082E36B /* Debug */,
				0E03322C2BFBE80C0082E36B /* Release */,
			);
			defaultConfigurationIsVisible = 0;
			defaultConfigurationName = Release;
		};
/* End XCConfigurationList section */
	};
	rootObject = 0E0331F82BFBE8090082E36B /* Project object */;
}
